# Released migrations: <revision> <sha256 of the file with LF line endings>.
# Appended by `just bump` (scripts/release.py). A test fails if a listed file changes.
202610061200 6457714281a6dbb5a4c2a0db821a6c575531110c2dcab88380cf3208b9474785
202610062123 8d63c4df8ff62be41d2f9be8328fd45fb578ed1aed9bff3186b41f8e710138bb
202610070100 b36756e05711e219c8540dde60f85c0e60b468bf2e63c4824d5562760f417f28
202610070207 17a0e3019581d9147643fc0ba0371153bf120fe9b0bbf397e31030c4d1c25a26
202610071347 4d4ba1016c40d5f38b55dd73a9b2e471e754fa08e64008c860ef2c2ec96b04c6
